
Microsoft Visual Studio Solution File, Format Version 12.00
# Visual Studio 15
VisualStudioVersion = 15.0.26403.3
MinimumVisualStudioVersion = 10.0.40219.1
Project("{8BC9CEB8-8B4A-11D0-8D11-00A0C91BC942}") = "P01.01", "P01.01\P01.01.vcxproj", "{53BF12EF-7DDA-46D2-B0D3-2BF80B6FBD26}"
EndProject
Project("{8BC9CEB8-8B4A-11D0-8D11-00A0C91BC942}") = "P01.02", "P01.02\P01.02.vcxproj", "{77D202ED-F93C-480C-AEE7-7B19511B20F1}"
EndProject
Project("{8BC9CEB8-8B4A-11D0-8D11-00A0C91BC942}") = "P01.03", "P01.03\P01.03.vcxproj", "{0381EB8C-2D25-4F6A-91B1-F9E68AD9CEBC}"
EndProject
Global
	GlobalSection(SolutionConfigurationPlatforms) = preSolution
		Debug|x64 = Debug|x64
		Debug|x86 = Debug|x86
		Release|x64 = Release|x64
		Release|x86 = Release|x86
	EndGlobalSection
	GlobalSection(ProjectConfigurationPlatforms) = postSolution
		{53BF12EF-7DDA-46D2-B0D3-2BF80B6FBD26}.Debug|x64.ActiveCfg = Debug|x64
		{53BF12EF-7DDA-46D2-B0D3-2BF80B6FBD26}.Debug|x64.Build.0 = Debug|x64
		{53BF12EF-7DDA-46D2-B0D3-2BF80B6FBD26}.Debug|x86.ActiveCfg = Debug|Win32
		{53BF12EF-7DDA-46D2-B0D3-2BF80B6FBD26}.Debug|x86.Build.0 = Debug|Win32
		{53BF12EF-7DDA-46D2-B0D3-2BF80B6FBD26}.Release|x64.ActiveCfg = Release|x64
		{53BF12EF-7DDA-46D2-B0D3-2BF80B6FBD26}.Release|x64.Build.0 = Release|x64
		{53BF12EF-7DDA-46D2-B0D3-2BF80B6FBD26}.Release|x86.ActiveCfg = Release|Win32
		{53BF12EF-7DDA-46D2-B0D3-2BF80B6FBD26}.Release|x86.Build.0 = Release|Win32
		{77D202ED-F93C-480C-AEE7-7B19511B20F1}.Debug|x64.ActiveCfg = Debug|x64
		{77D202ED-F93C-480C-AEE7-7B19511B20F1}.Debug|x64.Build.0 = Debug|x64
		{77D202ED-F93C-480C-AEE7-7B19511B20F1}.Debug|x86.ActiveCfg = Debug|Win32
		{77D202ED-F93C-480C-AEE7-7B19511B20F1}.Debug|x86.Build.0 = Debug|Win32
		{77D202ED-F93C-480C-AEE7-7B19511B20F1}.Release|x64.ActiveCfg = Release|x64
		{77D202ED-F93C-480C-AEE7-7B19511B20F1}.Release|x64.Build.0 = Release|x64
		{77D202ED-F93C-480C-AEE7-7B19511B20F1}.Release|x86.ActiveCfg = Release|Win32
		{77D202ED-F93C-480C-AEE7-7B19511B20F1}.Release|x86.Build.0 = Release|Win32
		{0381EB8C-2D25-4F6A-91B1-F9E68AD9CEBC}.Debug|x64.ActiveCfg = Debug|x64
		{0381EB8C-2D25-4F6A-91B1-F9E68AD9CEBC}.Debug|x64.Build.0 = Debug|x64
		{0381EB8C-2D25-4F6A-91B1-F9E68AD9CEBC}.Debug|x86.ActiveCfg = Debug|Win32
		{0381EB8C-2D25-4F6A-91B1-F9E68AD9CEBC}.Debug|x86.Build.0 = Debug|Win32
		{0381EB8C-2D25-4F6A-91B1-F9E68AD9CEBC}.Release|x64.ActiveCfg = Release|x64
		{0381EB8C-2D25-4F6A-91B1-F9E68AD9CEBC}.Release|x64.Build.0 = Release|x64
		{0381EB8C-2D25-4F6A-91B1-F9E68AD9CEBC}.Release|x86.ActiveCfg = Release|Win32
		{0381EB8C-2D25-4F6A-91B1-F9E68AD9CEBC}.Release|x86.Build.0 = Release|Win32
	EndGlobalSection
	GlobalSection(SolutionProperties) = preSolution
		HideSolutionNode = FALSE
	EndGlobalSection
EndGlobal
